
Microsoft Visual Studio Solution File, Format Version 12.00
# Visual Studio Version 16
VisualStudioVersion = 25.0.1705.0
MinimumVisualStudioVersion = 10.0.40219.1
Project("{FAE04EC0-301F-11D3-BF4B-00C04F79EFBC}") = "RazorPizzeria", "RazorPizzeria\RazorPizzeria.csproj", "{1A1BDB2C-839E-4E6A-9BE2-C5F2EDE464A2}"
EndProject
Global
	GlobalSection(SolutionConfigurationPlatforms) = preSolution
		Debug|Any CPU = Debug|Any CPU
		Release|Any CPU = Release|Any CPU
	EndGlobalSection
	GlobalSection(ProjectConfigurationPlatforms) = postSolution
		{1A1BDB2C-839E-4E6A-9BE2-C5F2EDE464A2}.Debug|Any CPU.ActiveCfg = Debug|Any CPU
		{1A1BDB2C-839E-4E6A-9BE2-C5F2EDE464A2}.Debug|Any CPU.Build.0 = Debug|Any CPU
		{1A1BDB2C-839E-4E6A-9BE2-C5F2EDE464A2}.Release|Any CPU.ActiveCfg = Release|Any CPU
		{1A1BDB2C-839E-4E6A-9BE2-C5F2EDE464A2}.Release|Any CPU.Build.0 = Release|Any CPU
	EndGlobalSection
	GlobalSection(SolutionProperties) = preSolution
		HideSolutionNode = FALSE
	EndGlobalSection
	GlobalSection(ExtensibilityGlobals) = postSolution
		SolutionGuid = {8CD2AEDA-6A08-4647-A6CF-A63C08D111C3}
	EndGlobalSection
EndGlobal
